
Microsoft Visual Studio Solution File, Format Version 12.00
# Visual Studio Version 16
VisualStudioVersion = 16.0.29709.97
MinimumVisualStudioVersion = 10.0.40219.1
Project("{FAE04EC0-301F-11D3-BF4B-00C04F79EFBC}") = "BCSF16M001_AI_1", "BCSF16M001_AI_1\BCSF16M001_AI_1.csproj", "{164F7974-EA08-444E-88FB-C91C013B1B1F}"
EndProject
Global
	GlobalSection(SolutionConfigurationPlatforms) = preSolution
		Debug|Any CPU = Debug|Any CPU
		Release|Any CPU = Release|Any CPU
	EndGlobalSection
	GlobalSection(ProjectConfigurationPlatforms) = postSolution
		{164F7974-EA08-444E-88FB-C91C013B1B1F}.Debug|Any CPU.ActiveCfg = Debug|Any CPU
		{164F7974-EA08-444E-88FB-C91C013B1B1F}.Debug|Any CPU.Build.0 = Debug|Any CPU
		{164F7974-EA08-444E-88FB-C91C013B1B1F}.Release|Any CPU.ActiveCfg = Release|Any CPU
		{164F7974-EA08-444E-88FB-C91C013B1B1F}.Release|Any CPU.Build.0 = Release|Any CPU
	EndGlobalSection
	GlobalSection(SolutionProperties) = preSolution
		HideSolutionNode = FALSE
	EndGlobalSection
	GlobalSection(ExtensibilityGlobals) = postSolution
		SolutionGuid = {0D105BC1-3164-42F2-BE28-3082F0BC353B}
	EndGlobalSection
EndGlobal
